// !$*UTF8*$!
{
	archiveVersion = 1;
	classes = {
	};
	objectVersion = 48;
	objects = {

/* Begin PBXBuildFile section */
		0006D59A1DD067CB002F569A /* App2Night.xcdatamodeld in Sources */ = {isa = PBXBuildFile; fileRef = 0006D5981DD067CB002F569A /* App2Night.xcdatamodeld */; };
		0037A86F1DD3819800DA5E9E /* DummyParty.swift in Sources */ = {isa = PBXBuildFile; fileRef = 0037A86E1DD3819800DA5E9E /* DummyParty.swift */; };
		004433F91DD11A2B0012755C /* SwaggerCommunication.swift in Sources */ = {isa = PBXBuildFile; fileRef = 004433F81DD11A2B0012755C /* SwaggerCommunication.swift */; };
		004433FC1DD11B030012755C /* CoreDataCommunication.swift in Sources */ = {isa = PBXBuildFile; fileRef = 004433FB1DD11B030012755C /* CoreDataCommunication.swift */; };
		005A424F1DC90025005E1C8E /* Properties+Enumerations.swift in Sources */ = {isa = PBXBuildFile; fileRef = 005A424E1DC90025005E1C8E /* Properties+Enumerations.swift */; };
		005A9BC01DD122CA001F4B4E /* PartyTableController.swift in Sources */ = {isa = PBXBuildFile; fileRef = 005A9BBF1DD122CA001F4B4E /* PartyTableController.swift */; };
		006C496C1DD3B8B6005FC4DF /* Alamofire.framework in Frameworks */ = {isa = PBXBuildFile; fileRef = 006C496B1DD3B8B6005FC4DF /* Alamofire.framework */; };
		006C496D1DD3B8B6005FC4DF /* Alamofire.framework in Embed Frameworks */ = {isa = PBXBuildFile; fileRef = 006C496B1DD3B8B6005FC4DF /* Alamofire.framework */; settings = {ATTRIBUTES = (CodeSignOnCopy, RemoveHeadersOnCopy, ); }; };
		006C49701DD3B8C0005FC4DF /* SwiftyJSON.framework in Frameworks */ = {isa = PBXBuildFile; fileRef = 006C496F1DD3B8C0005FC4DF /* SwiftyJSON.framework */; };
		006C49711DD3B8C0005FC4DF /* SwiftyJSON.framework in Embed Frameworks */ = {isa = PBXBuildFile; fileRef = 006C496F1DD3B8C0005FC4DF /* SwiftyJSON.framework */; settings = {ATTRIBUTES = (CodeSignOnCopy, RemoveHeadersOnCopy, ); }; };
		009D973C1DBE562F005D94FF /* PartyDeprecated.swift in Sources */ = {isa = PBXBuildFile; fileRef = 009D973B1DBE562F005D94FF /* PartyDeprecated.swift */; };
		00B05D731DCE2C3C00F7722C /* PartyTableViewControllerTobias.swift in Sources */ = {isa = PBXBuildFile; fileRef = 00B05D721DCE2C3C00F7722C /* PartyTableViewControllerTobias.swift */; };
		00CD68AA1DC8FF6D00A0172F /* Launch.storyboard in Resources */ = {isa = PBXBuildFile; fileRef = 00CD68A91DC8FF6D00A0172F /* Launch.storyboard */; };
		00D200691DD3BA0700A23607 /* Realm.framework in Frameworks */ = {isa = PBXBuildFile; fileRef = 00D200681DD3BA0700A23607 /* Realm.framework */; };
		00D2006A1DD3BA0700A23607 /* Realm.framework in Embed Frameworks */ = {isa = PBXBuildFile; fileRef = 00D200681DD3BA0700A23607 /* Realm.framework */; settings = {ATTRIBUTES = (CodeSignOnCopy, RemoveHeadersOnCopy, ); }; };
		00D2006C1DD3BA1100A23607 /* RealmSwift.framework in Frameworks */ = {isa = PBXBuildFile; fileRef = 00D2006B1DD3BA1100A23607 /* RealmSwift.framework */; };
		00D2006D1DD3BA1100A23607 /* RealmSwift.framework in Embed Frameworks */ = {isa = PBXBuildFile; fileRef = 00D2006B1DD3BA1100A23607 /* RealmSwift.framework */; settings = {ATTRIBUTES = (CodeSignOnCopy, RemoveHeadersOnCopy, ); }; };
		00D921DA1DCB7DDA00737FA1 /* Home.storyboard in Resources */ = {isa = PBXBuildFile; fileRef = 00D921D91DCB7DDA00737FA1 /* Home.storyboard */; };
		00EDF7AF1DC8CF7F0065CEF9 /* AppDelegate.swift in Sources */ = {isa = PBXBuildFile; fileRef = 00EDF7AE1DC8CF7F0065CEF9 /* AppDelegate.swift */; };
		00F0600A1DBBD85C003A2A38 /* Assets.xcassets in Resources */ = {isa = PBXBuildFile; fileRef = 00F060091DBBD85C003A2A38 /* Assets.xcassets */; };
		00F060331DBBE9C6003A2A38 /* SwaggerCommunicationDeprecated.swift in Sources */ = {isa = PBXBuildFile; fileRef = 00F060321DBBE9C6003A2A38 /* SwaggerCommunicationDeprecated.swift */; };
/* End PBXBuildFile section */

/* Begin PBXCopyFilesBuildPhase section */
		006C496E1DD3B8B6005FC4DF /* Embed Frameworks */ = {
			isa = PBXCopyFilesBuildPhase;
			buildActionMask = 2147483647;
			dstPath = "";
			dstSubfolderSpec = 10;
			files = (
				00D2006A1DD3BA0700A23607 /* Realm.framework in Embed Frameworks */,
				006C49711DD3B8C0005FC4DF /* SwiftyJSON.framework in Embed Frameworks */,
				00D2006D1DD3BA1100A23607 /* RealmSwift.framework in Embed Frameworks */,
				006C496D1DD3B8B6005FC4DF /* Alamofire.framework in Embed Frameworks */,
			);
			name = "Embed Frameworks";
			runOnlyForDeploymentPostprocessing = 0;
		};
/* End PBXCopyFilesBuildPhase section */

/* Begin PBXFileReference section */
		0006D5991DD067CB002F569A /* App2Night.xcdatamodel */ = {isa = PBXFileReference; lastKnownFileType = wrapper.xcdatamodel; path = App2Night.xcdatamodel; sourceTree = "<group>"; };
		001F1F191DBFCB21006F668C /* PartyPostValue.json */ = {isa = PBXFileReference; fileEncoding = 4; lastKnownFileType = text.json; path = PartyPostValue.json; sourceTree = "<group>"; };
		0037A86E1DD3819800DA5E9E /* DummyParty.swift */ = {isa = PBXFileReference; fileEncoding = 4; lastKnownFileType = sourcecode.swift; path = DummyParty.swift; sourceTree = "<group>"; };
		004433F81DD11A2B0012755C /* SwaggerCommunication.swift */ = {isa = PBXFileReference; fileEncoding = 4; lastKnownFileType = sourcecode.swift; path = SwaggerCommunication.swift; sourceTree = "<group>"; };
		004433FB1DD11B030012755C /* CoreDataCommunication.swift */ = {isa = PBXFileReference; fileEncoding = 4; lastKnownFileType = sourcecode.swift; path = CoreDataCommunication.swift; sourceTree = "<group>"; };
		005A424E1DC90025005E1C8E /* Properties+Enumerations.swift */ = {isa = PBXFileReference; fileEncoding = 4; lastKnownFileType = sourcecode.swift; path = "Properties+Enumerations.swift"; sourceTree = "<group>"; };
		005A9BBF1DD122CA001F4B4E /* PartyTableController.swift */ = {isa = PBXFileReference; fileEncoding = 4; lastKnownFileType = sourcecode.swift; path = PartyTableController.swift; sourceTree = "<group>"; };
		006C496B1DD3B8B6005FC4DF /* Alamofire.framework */ = {isa = PBXFileReference; lastKnownFileType = wrapper.framework; name = Alamofire.framework; path = Frameworks/Alamofire.framework; sourceTree = "<group>"; };
		006C496F1DD3B8C0005FC4DF /* SwiftyJSON.framework */ = {isa = PBXFileReference; lastKnownFileType = wrapper.framework; name = SwiftyJSON.framework; path = Frameworks/SwiftyJSON.framework; sourceTree = "<group>"; };
		0093C8801DBF563D00FB7FCA /* PartyGetValue.json */ = {isa = PBXFileReference; fileEncoding = 4; lastKnownFileType = text.json; path = PartyGetValue.json; sourceTree = "<group>"; };
		009D973B1DBE562F005D94FF /* PartyDeprecated.swift */ = {isa = PBXFileReference; fileEncoding = 4; lastKnownFileType = sourcecode.swift; path = PartyDeprecated.swift; sourceTree = "<group>"; };
		00B05D721DCE2C3C00F7722C /* PartyTableViewControllerTobias.swift */ = {isa = PBXFileReference; fileEncoding = 4; lastKnownFileType = sourcecode.swift; path = PartyTableViewControllerTobias.swift; sourceTree = "<group>"; };
		00CD68A91DC8FF6D00A0172F /* Launch.storyboard */ = {isa = PBXFileReference; fileEncoding = 4; lastKnownFileType = file.storyboard; path = Launch.storyboard; sourceTree = "<group>"; };
		00D200681DD3BA0700A23607 /* Realm.framework */ = {isa = PBXFileReference; lastKnownFileType = wrapper.framework; name = Realm.framework; path = Frameworks/Realm.framework; sourceTree = "<group>"; };
		00D2006B1DD3BA1100A23607 /* RealmSwift.framework */ = {isa = PBXFileReference; lastKnownFileType = wrapper.framework; name = RealmSwift.framework; path = Frameworks/RealmSwift.framework; sourceTree = "<group>"; };
		00D921D91DCB7DDA00737FA1 /* Home.storyboard */ = {isa = PBXFileReference; fileEncoding = 4; lastKnownFileType = file.storyboard; path = Home.storyboard; sourceTree = "<group>"; };
		00EDF7AE1DC8CF7F0065CEF9 /* AppDelegate.swift */ = {isa = PBXFileReference; fileEncoding = 4; lastKnownFileType = sourcecode.swift; path = AppDelegate.swift; sourceTree = "<group>"; };
		00F05FFF1DBBD85C003A2A38 /* App2Night.app */ = {isa = PBXFileReference; explicitFileType = wrapper.application; includeInIndex = 0; path = App2Night.app; sourceTree = BUILT_PRODUCTS_DIR; };
		00F060091DBBD85C003A2A38 /* Assets.xcassets */ = {isa = PBXFileReference; lastKnownFileType = folder.assetcatalog; path = Assets.xcassets; sourceTree = "<group>"; };
		00F0600E1DBBD85C003A2A38 /* Info.plist */ = {isa = PBXFileReference; lastKnownFileType = text.plist.xml; path = Info.plist; sourceTree = "<group>"; };
		00F060321DBBE9C6003A2A38 /* SwaggerCommunicationDeprecated.swift */ = {isa = PBXFileReference; fileEncoding = 4; lastKnownFileType = sourcecode.swift; path = SwaggerCommunicationDeprecated.swift; sourceTree = "<group>"; };
/* End PBXFileReference section */

/* Begin PBXFrameworksBuildPhase section */
		00F05FFC1DBBD85C003A2A38 /* Frameworks */ = {
			isa = PBXFrameworksBuildPhase;
			buildActionMask = 2147483647;
			files = (
				00D200691DD3BA0700A23607 /* Realm.framework in Frameworks */,
				006C49701DD3B8C0005FC4DF /* SwiftyJSON.framework in Frameworks */,
				00D2006C1DD3BA1100A23607 /* RealmSwift.framework in Frameworks */,
				006C496C1DD3B8B6005FC4DF /* Alamofire.framework in Frameworks */,
			);
			runOnlyForDeploymentPostprocessing = 0;
		};
/* End PBXFrameworksBuildPhase section */

/* Begin PBXGroup section */
		004433FA1DD11AA10012755C /* Deprecated */ = {
			isa = PBXGroup;
			children = (
				009D973B1DBE562F005D94FF /* PartyDeprecated.swift */,
				00F060321DBBE9C6003A2A38 /* SwaggerCommunicationDeprecated.swift */,
			);
			name = Deprecated;
			sourceTree = "<group>";
		};
		007404591DC8D92900C3C7DE /* Controller */ = {
			isa = PBXGroup;
			children = (
				005A9BBF1DD122CA001F4B4E /* PartyTableController.swift */,
				00B05D721DCE2C3C00F7722C /* PartyTableViewControllerTobias.swift */,
			);
			name = Controller;
			sourceTree = "<group>";
		};
		009D97371DBE54A1005D94FF /* Model */ = {
			isa = PBXGroup;
			children = (
				0037A86E1DD3819800DA5E9E /* DummyParty.swift */,
				004433FB1DD11B030012755C /* CoreDataCommunication.swift */,
				005A424E1DC90025005E1C8E /* Properties+Enumerations.swift */,
				0006D5981DD067CB002F569A /* App2Night.xcdatamodeld */,
				009D973A1DBE556F005D94FF /* API */,
			);
			name = Model;
			sourceTree = "<group>";
		};
		009D97381DBE54A8005D94FF /* View */ = {
			isa = PBXGroup;
			children = (
				00D921D91DCB7DDA00737FA1 /* Home.storyboard */,
				00CD68A91DC8FF6D00A0172F /* Launch.storyboard */,
			);
			name = View;
			sourceTree = "<group>";
		};
		009D973A1DBE556F005D94FF /* API */ = {
			isa = PBXGroup;
			children = (
				004433F81DD11A2B0012755C /* SwaggerCommunication.swift */,
				0093C8801DBF563D00FB7FCA /* PartyGetValue.json */,
				001F1F191DBFCB21006F668C /* PartyPostValue.json */,
			);
			name = API;
			sourceTree = "<group>";
		};
		00F05FF61DBBD85C003A2A38 = {
			isa = PBXGroup;
			children = (
				00F060011DBBD85C003A2A38 /* App2Night */,
				00F060001DBBD85C003A2A38 /* Products */,
				00F060141DBBE27C003A2A38 /* Frameworks */,
			);
			sourceTree = "<group>";
			usesTabs = 1;
		};
		00F060001DBBD85C003A2A38 /* Products */ = {
			isa = PBXGroup;
			children = (
				00F05FFF1DBBD85C003A2A38 /* App2Night.app */,
			);
			name = Products;
			sourceTree = "<group>";
		};
		00F060011DBBD85C003A2A38 /* App2Night */ = {
			isa = PBXGroup;
			children = (
				009D97371DBE54A1005D94FF /* Model */,
				009D97381DBE54A8005D94FF /* View */,
				007404591DC8D92900C3C7DE /* Controller */,
				00EDF7AE1DC8CF7F0065CEF9 /* AppDelegate.swift */,
				00F060091DBBD85C003A2A38 /* Assets.xcassets */,
				00F0600E1DBBD85C003A2A38 /* Info.plist */,
				004433FA1DD11AA10012755C /* Deprecated */,
			);
			path = App2Night;
			sourceTree = "<group>";
		};
		00F060141DBBE27C003A2A38 /* Frameworks */ = {
			isa = PBXGroup;
			children = (
				006C496B1DD3B8B6005FC4DF /* Alamofire.framework */,
				006C496F1DD3B8C0005FC4DF /* SwiftyJSON.framework */,
				00D200681DD3BA0700A23607 /* Realm.framework */,
				00D2006B1DD3BA1100A23607 /* RealmSwift.framework */,
			);
			name = Frameworks;
			sourceTree = "<group>";
		};
/* End PBXGroup section */

/* Begin PBXNativeTarget section */
		00F05FFE1DBBD85C003A2A38 /* App2Night */ = {
			isa = PBXNativeTarget;
			buildConfigurationList = 00F060111DBBD85C003A2A38 /* Build configuration list for PBXNativeTarget "App2Night" */;
			buildPhases = (
				00F05FFB1DBBD85C003A2A38 /* Sources */,
				00F05FFC1DBBD85C003A2A38 /* Frameworks */,
				00F05FFD1DBBD85C003A2A38 /* Resources */,
				006C496E1DD3B8B6005FC4DF /* Embed Frameworks */,
			);
			buildRules = (
			);
			dependencies = (
			);
			name = App2Night;
			productName = App2Night;
			productReference = 00F05FFF1DBBD85C003A2A38 /* App2Night.app */;
			productType = "com.apple.product-type.application";
		};
/* End PBXNativeTarget section */

/* Begin PBXProject section */
		00F05FF71DBBD85C003A2A38 /* Project object */ = {
			isa = PBXProject;
			attributes = {
				LastSwiftUpdateCheck = 0800;
				LastUpgradeCheck = 0810;
				ORGANIZATIONNAME = DHBW;
				TargetAttributes = {
					00F05FFE1DBBD85C003A2A38 = {
						CreatedOnToolsVersion = 8.0;
						DevelopmentTeam = 5BJGYD5DYT;
						ProvisioningStyle = Automatic;
					};
				};
			};
			buildConfigurationList = 00F05FFA1DBBD85C003A2A38 /* Build configuration list for PBXProject "App2Night" */;
			compatibilityVersion = "Xcode 8.0";
			developmentRegion = English;
			hasScannedForEncodings = 0;
			knownRegions = (
				en,
			);
			mainGroup = 00F05FF61DBBD85C003A2A38;
			productRefGroup = 00F060001DBBD85C003A2A38 /* Products */;
			projectDirPath = "";
			projectRoot = "";
			targets = (
				00F05FFE1DBBD85C003A2A38 /* App2Night */,
			);
		};
/* End PBXProject section */

/* Begin PBXResourcesBuildPhase section */
		00F05FFD1DBBD85C003A2A38 /* Resources */ = {
			isa = PBXResourcesBuildPhase;
			buildActionMask = 2147483647;
			files = (
				00F0600A1DBBD85C003A2A38 /* Assets.xcassets in Resources */,
				00D921DA1DCB7DDA00737FA1 /* Home.storyboard in Resources */,
				00CD68AA1DC8FF6D00A0172F /* Launch.storyboard in Resources */,
			);
			runOnlyForDeploymentPostprocessing = 0;
		};
/* End PBXResourcesBuildPhase section */

/* Begin PBXSourcesBuildPhase section */
		00F05FFB1DBBD85C003A2A38 /* Sources */ = {
			isa = PBXSourcesBuildPhase;
			buildActionMask = 2147483647;
			files = (
				004433F91DD11A2B0012755C /* SwaggerCommunication.swift in Sources */,
				00B05D731DCE2C3C00F7722C /* PartyTableViewControllerTobias.swift in Sources */,
				00EDF7AF1DC8CF7F0065CEF9 /* AppDelegate.swift in Sources */,
				005A9BC01DD122CA001F4B4E /* PartyTableController.swift in Sources */,
				00F060331DBBE9C6003A2A38 /* SwaggerCommunicationDeprecated.swift in Sources */,
				0006D59A1DD067CB002F569A /* App2Night.xcdatamodeld in Sources */,
				009D973C1DBE562F005D94FF /* PartyDeprecated.swift in Sources */,
				0037A86F1DD3819800DA5E9E /* DummyParty.swift in Sources */,
				005A424F1DC90025005E1C8E /* Properties+Enumerations.swift in Sources */,
				004433FC1DD11B030012755C /* CoreDataCommunication.swift in Sources */,
			);
			runOnlyForDeploymentPostprocessing = 0;
		};
/* End PBXSourcesBuildPhase section */

/* Begin XCBuildConfiguration section */
		00F0600F1DBBD85C003A2A38 /* Debug */ = {
			isa = XCBuildConfiguration;
			buildSettings = {
				ALWAYS_SEARCH_USER_PATHS = NO;
				CLANG_ANALYZER_NONNULL = YES;
				CLANG_CXX_LANGUAGE_STANDARD = "gnu++0x";
				CLANG_CXX_LIBRARY = "libc++";
				CLANG_ENABLE_MODULES = YES;
				CLANG_ENABLE_OBJC_ARC = YES;
				CLANG_WARN_BOOL_CONVERSION = YES;
				CLANG_WARN_CONSTANT_CONVERSION = YES;
				CLANG_WARN_DIRECT_OBJC_ISA_USAGE = YES_ERROR;
				CLANG_WARN_DOCUMENTATION_COMMENTS = YES;
				CLANG_WARN_EMPTY_BODY = YES;
				CLANG_WARN_ENUM_CONVERSION = YES;
				CLANG_WARN_INFINITE_RECURSION = YES;
				CLANG_WARN_INT_CONVERSION = YES;
				CLANG_WARN_OBJC_ROOT_CLASS = YES_ERROR;
				CLANG_WARN_SUSPICIOUS_MOVE = YES;
				CLANG_WARN_SUSPICIOUS_MOVES = YES;
				CLANG_WARN_UNREACHABLE_CODE = YES;
				CLANG_WARN__DUPLICATE_METHOD_MATCH = YES;
				"CODE_SIGN_IDENTITY[sdk=iphoneos*]" = "iPhone Developer";
				COPY_PHASE_STRIP = NO;
				DEBUG_INFORMATION_FORMAT = dwarf;
				ENABLE_STRICT_OBJC_MSGSEND = YES;
				ENABLE_TESTABILITY = YES;
				GCC_C_LANGUAGE_STANDARD = gnu99;
				GCC_DYNAMIC_NO_PIC = NO;
				GCC_NO_COMMON_BLOCKS = YES;
				GCC_OPTIMIZATION_LEVEL = 0;
				GCC_PREPROCESSOR_DEFINITIONS = (
					"DEBUG=1",
					"$(inherited)",
				);
				GCC_WARN_64_TO_32_BIT_CONVERSION = YES;
				GCC_WARN_ABOUT_RETURN_TYPE = YES_ERROR;
				GCC_WARN_UNDECLARED_SELECTOR = YES;
				GCC_WARN_UNINITIALIZED_AUTOS = YES_AGGRESSIVE;
				GCC_WARN_UNUSED_FUNCTION = YES;
				GCC_WARN_UNUSED_VARIABLE = YES;
				IPHONEOS_DEPLOYMENT_TARGET = 10.1;
				MTL_ENABLE_DEBUG_INFO = YES;
				ONLY_ACTIVE_ARCH = YES;
				SDKROOT = iphoneos;
				SWIFT_ACTIVE_COMPILATION_CONDITIONS = DEBUG;
				SWIFT_OPTIMIZATION_LEVEL = "-Onone";
			};
			name = Debug;
		};
		00F060101DBBD85C003A2A38 /* Release */ = {
			isa = XCBuildConfiguration;
			buildSettings = {
				ALWAYS_SEARCH_USER_PATHS = NO;
				CLANG_ANALYZER_NONNULL = YES;
				CLANG_CXX_LANGUAGE_STANDARD = "gnu++0x";
				CLANG_CXX_LIBRARY = "libc++";
				CLANG_ENABLE_MODULES = YES;
				CLANG_ENABLE_OBJC_ARC = YES;
				CLANG_WARN_BOOL_CONVERSION = YES;
				CLANG_WARN_CONSTANT_CONVERSION = YES;
				CLANG_WARN_DIRECT_OBJC_ISA_USAGE = YES_ERROR;
				CLANG_WARN_DOCUMENTATION_COMMENTS = YES;
				CLANG_WARN_EMPTY_BODY = YES;
				CLANG_WARN_ENUM_CONVERSION = YES;
				CLANG_WARN_INFINITE_RECURSION = YES;
				CLANG_WARN_INT_CONVERSION = YES;
				CLANG_WARN_OBJC_ROOT_CLASS = YES_ERROR;
				CLANG_WARN_SUSPICIOUS_MOVE = YES;
				CLANG_WARN_SUSPICIOUS_MOVES = YES;
				CLANG_WARN_UNREACHABLE_CODE = YES;
				CLANG_WARN__DUPLICATE_METHOD_MATCH = YES;
				"CODE_SIGN_IDENTITY[sdk=iphoneos*]" = "iPhone Developer";
				COPY_PHASE_STRIP = NO;
				DEBUG_INFORMATION_FORMAT = "dwarf-with-dsym";
				ENABLE_NS_ASSERTIONS = NO;
				ENABLE_STRICT_OBJC_MSGSEND = YES;
				GCC_C_LANGUAGE_STANDARD = gnu99;
				GCC_NO_COMMON_BLOCKS = YES;
				GCC_WARN_64_TO_32_BIT_CONVERSION = YES;
				GCC_WARN_ABOUT_RETURN_TYPE = YES_ERROR;
				GCC_WARN_UNDECLARED_SELECTOR = YES;
				GCC_WARN_UNINITIALIZED_AUTOS = YES_AGGRESSIVE;
				GCC_WARN_UNUSED_FUNCTION = YES;
				GCC_WARN_UNUSED_VARIABLE = YES;
				IPHONEOS_DEPLOYMENT_TARGET = 10.1;
				MTL_ENABLE_DEBUG_INFO = NO;
				SDKROOT = iphoneos;
				SWIFT_OPTIMIZATION_LEVEL = "-Owholemodule";
				VALIDATE_PRODUCT = YES;
			};
			name = Release;
		};
		00F060121DBBD85C003A2A38 /* Debug */ = {
			isa = XCBuildConfiguration;
			buildSettings = {
				ASSETCATALOG_COMPILER_APPICON_NAME = AppIcon;
				DEVELOPMENT_TEAM = 5BJGYD5DYT;
				FRAMEWORK_SEARCH_PATHS = "$(PROJECT_DIR)/Frameworks";
				INFOPLIST_FILE = App2Night/Info.plist;
				LD_RUNPATH_SEARCH_PATHS = "$(inherited) @executable_path/Frameworks";
				PRODUCT_BUNDLE_IDENTIFIER = de.dhbw.App2Night;
				PRODUCT_NAME = "$(TARGET_NAME)";
				SWIFT_VERSION = 3.0.1;
				TARGETED_DEVICE_FAMILY = 1;
			};
			name = Debug;
		};
		00F060131DBBD85C003A2A38 /* Release */ = {
			isa = XCBuildConfiguration;
			buildSettings = {
				ASSETCATALOG_COMPILER_APPICON_NAME = AppIcon;
				DEVELOPMENT_TEAM = 5BJGYD5DYT;
				FRAMEWORK_SEARCH_PATHS = "$(PROJECT_DIR)/Frameworks";
				INFOPLIST_FILE = App2Night/Info.plist;
				LD_RUNPATH_SEARCH_PATHS = "$(inherited) @executable_path/Frameworks";
				PRODUCT_BUNDLE_IDENTIFIER = de.dhbw.App2Night;
				PRODUCT_NAME = "$(TARGET_NAME)";
				SWIFT_VERSION = 3.0.1;
				TARGETED_DEVICE_FAMILY = 1;
			};
			name = Release;
		};
/* End XCBuildConfiguration section */

/* Begin XCConfigurationList section */
		00F05FFA1DBBD85C003A2A38 /* Build configuration list for PBXProject "App2Night" */ = {
			isa = XCConfigurationList;
			buildConfigurations = (
				00F0600F1DBBD85C003A2A38 /* Debug */,
				00F060101DBBD85C003A2A38 /* Release */,
			);
			defaultConfigurationIsVisible = 0;
			defaultConfigurationName = Release;
		};
		00F060111DBBD85C003A2A38 /* Build configuration list for PBXNativeTarget "App2Night" */ = {
			isa = XCConfigurationList;
			buildConfigurations = (
				00F060121DBBD85C003A2A38 /* Debug */,
				00F060131DBBD85C003A2A38 /* Release */,
			);
			defaultConfigurationIsVisible = 0;
			defaultConfigurationName = Release;
		};
/* End XCConfigurationList section */

/* Begin XCVersionGroup section */
		0006D5981DD067CB002F569A /* App2Night.xcdatamodeld */ = {
			isa = XCVersionGroup;
			children = (
				0006D5991DD067CB002F569A /* App2Night.xcdatamodel */,
			);
			currentVersion = 0006D5991DD067CB002F569A /* App2Night.xcdatamodel */;
			path = App2Night.xcdatamodeld;
			sourceTree = "<group>";
			versionGroupType = wrapper.xcdatamodel;
		};
/* End XCVersionGroup section */
	};
	rootObject = 00F05FF71DBBD85C003A2A38 /* Project object */;
}
