// !$*UTF8*$!
{
	archiveVersion = 1;
	classes = {
	};
	objectVersion = 48;
	objects = {

/* Begin PBXBuildFile section */
		000168601DC7439E008BB357 /* Alamofire.framework in Frameworks */ = {isa = PBXBuildFile; fileRef = 0001685F1DC7439E008BB357 /* Alamofire.framework */; };
		000168611DC7439E008BB357 /* Alamofire.framework in Embed Frameworks */ = {isa = PBXBuildFile; fileRef = 0001685F1DC7439E008BB357 /* Alamofire.framework */; settings = {ATTRIBUTES = (CodeSignOnCopy, RemoveHeadersOnCopy, ); }; };
		001C0CA71DC632FF002B5E84 /* EventCommitment.swift in Sources */ = {isa = PBXBuildFile; fileRef = 001C0CA61DC632FF002B5E84 /* EventCommitment.swift */; };
		001C0CA91DC6336A002B5E84 /* Gender.swift in Sources */ = {isa = PBXBuildFile; fileRef = 001C0CA81DC6336A002B5E84 /* Gender.swift */; };
		001C0CAB1DC633CA002B5E84 /* MusicGenre.swift in Sources */ = {isa = PBXBuildFile; fileRef = 001C0CAA1DC633CA002B5E84 /* MusicGenre.swift */; };
		001C0CAD1DC63434002B5E84 /* PartyType.swift in Sources */ = {isa = PBXBuildFile; fileRef = 001C0CAC1DC63434002B5E84 /* PartyType.swift */; };
		001F1F1A1DBFCB21006F668C /* PartyPostValue.json in Resources */ = {isa = PBXBuildFile; fileRef = 001F1F191DBFCB21006F668C /* PartyPostValue.json */; };
		007FE5551DC4F45700111764 /* Properties.swift in Sources */ = {isa = PBXBuildFile; fileRef = 007FE5541DC4F45700111764 /* Properties.swift */; };
		0093C8811DBF563D00FB7FCA /* PartyExampleValue.json in Resources */ = {isa = PBXBuildFile; fileRef = 0093C8801DBF563D00FB7FCA /* PartyExampleValue.json */; };
		009D973C1DBE562F005D94FF /* Party.swift in Sources */ = {isa = PBXBuildFile; fileRef = 009D973B1DBE562F005D94FF /* Party.swift */; };
		00DD842B1DBEBA7C00ACA4F0 /* Host.swift in Sources */ = {isa = PBXBuildFile; fileRef = 00DD842A1DBEBA7C00ACA4F0 /* Host.swift */; };
		00DD842D1DBEBA9E00ACA4F0 /* Location.swift in Sources */ = {isa = PBXBuildFile; fileRef = 00DD842C1DBEBA9E00ACA4F0 /* Location.swift */; };
		00EBB5B31DC77B7F0078B05C /* User.swift in Sources */ = {isa = PBXBuildFile; fileRef = 00EBB5B21DC77B7F0078B05C /* User.swift */; };
		00F060031DBBD85C003A2A38 /* AppDelegate.swift in Sources */ = {isa = PBXBuildFile; fileRef = 00F060021DBBD85C003A2A38 /* AppDelegate.swift */; };
		00F060081DBBD85C003A2A38 /* Main.storyboard in Resources */ = {isa = PBXBuildFile; fileRef = 00F060061DBBD85C003A2A38 /* Main.storyboard */; };
		00F0600A1DBBD85C003A2A38 /* Assets.xcassets in Resources */ = {isa = PBXBuildFile; fileRef = 00F060091DBBD85C003A2A38 /* Assets.xcassets */; };
		00F0600D1DBBD85C003A2A38 /* LaunchScreen.storyboard in Resources */ = {isa = PBXBuildFile; fileRef = 00F0600B1DBBD85C003A2A38 /* LaunchScreen.storyboard */; };
		00F060331DBBE9C6003A2A38 /* SwaggerCommunication.swift in Sources */ = {isa = PBXBuildFile; fileRef = 00F060321DBBE9C6003A2A38 /* SwaggerCommunication.swift */; };
		F6C32AD71DC1087E00E6038A /* PartyTableViewCell.swift in Sources */ = {isa = PBXBuildFile; fileRef = F6C32AD61DC1087E00E6038A /* PartyTableViewCell.swift */; };
		F6C32AD91DC10C2000E6038A /* PartyTableViewController.swift in Sources */ = {isa = PBXBuildFile; fileRef = F6C32AD81DC10C2000E6038A /* PartyTableViewController.swift */; };
/* End PBXBuildFile section */

/* Begin PBXCopyFilesBuildPhase section */
		000168621DC7439E008BB357 /* Embed Frameworks */ = {
			isa = PBXCopyFilesBuildPhase;
			buildActionMask = 2147483647;
			dstPath = "";
			dstSubfolderSpec = 10;
			files = (
				000168611DC7439E008BB357 /* Alamofire.framework in Embed Frameworks */,
			);
			name = "Embed Frameworks";
			runOnlyForDeploymentPostprocessing = 0;
		};
/* End PBXCopyFilesBuildPhase section */

/* Begin PBXFileReference section */
		0001685F1DC7439E008BB357 /* Alamofire.framework */ = {isa = PBXFileReference; lastKnownFileType = wrapper.framework; name = Alamofire.framework; path = Frameworks/Alamofire.framework; sourceTree = "<group>"; };
		001C0CA61DC632FF002B5E84 /* EventCommitment.swift */ = {isa = PBXFileReference; fileEncoding = 4; lastKnownFileType = sourcecode.swift; path = EventCommitment.swift; sourceTree = "<group>"; };
		001C0CA81DC6336A002B5E84 /* Gender.swift */ = {isa = PBXFileReference; fileEncoding = 4; lastKnownFileType = sourcecode.swift; path = Gender.swift; sourceTree = "<group>"; };
		001C0CAA1DC633CA002B5E84 /* MusicGenre.swift */ = {isa = PBXFileReference; fileEncoding = 4; lastKnownFileType = sourcecode.swift; path = MusicGenre.swift; sourceTree = "<group>"; };
		001C0CAC1DC63434002B5E84 /* PartyType.swift */ = {isa = PBXFileReference; fileEncoding = 4; lastKnownFileType = sourcecode.swift; path = PartyType.swift; sourceTree = "<group>"; };
		001F1F191DBFCB21006F668C /* PartyPostValue.json */ = {isa = PBXFileReference; fileEncoding = 4; lastKnownFileType = text.json; path = PartyPostValue.json; sourceTree = "<group>"; };
		007FE5541DC4F45700111764 /* Properties.swift */ = {isa = PBXFileReference; fileEncoding = 4; lastKnownFileType = sourcecode.swift; path = Properties.swift; sourceTree = "<group>"; };
		0093C8801DBF563D00FB7FCA /* PartyExampleValue.json */ = {isa = PBXFileReference; fileEncoding = 4; lastKnownFileType = text.json; path = PartyExampleValue.json; sourceTree = "<group>"; };
		009D973B1DBE562F005D94FF /* Party.swift */ = {isa = PBXFileReference; fileEncoding = 4; lastKnownFileType = sourcecode.swift; path = Party.swift; sourceTree = "<group>"; };
		00DD842A1DBEBA7C00ACA4F0 /* Host.swift */ = {isa = PBXFileReference; fileEncoding = 4; lastKnownFileType = sourcecode.swift; path = Host.swift; sourceTree = "<group>"; };
		00DD842C1DBEBA9E00ACA4F0 /* Location.swift */ = {isa = PBXFileReference; fileEncoding = 4; lastKnownFileType = sourcecode.swift; path = Location.swift; sourceTree = "<group>"; };
		00EBB5B21DC77B7F0078B05C /* User.swift */ = {isa = PBXFileReference; fileEncoding = 4; lastKnownFileType = sourcecode.swift; path = User.swift; sourceTree = "<group>"; };
		00F05FFF1DBBD85C003A2A38 /* App2Night.app */ = {isa = PBXFileReference; explicitFileType = wrapper.application; includeInIndex = 0; path = App2Night.app; sourceTree = BUILT_PRODUCTS_DIR; };
		00F060021DBBD85C003A2A38 /* AppDelegate.swift */ = {isa = PBXFileReference; lastKnownFileType = sourcecode.swift; path = AppDelegate.swift; sourceTree = "<group>"; };
		00F060071DBBD85C003A2A38 /* Base */ = {isa = PBXFileReference; lastKnownFileType = file.storyboard; name = Base; path = Base.lproj/Main.storyboard; sourceTree = "<group>"; };
		00F060091DBBD85C003A2A38 /* Assets.xcassets */ = {isa = PBXFileReference; lastKnownFileType = folder.assetcatalog; path = Assets.xcassets; sourceTree = "<group>"; };
		00F0600C1DBBD85C003A2A38 /* Base */ = {isa = PBXFileReference; lastKnownFileType = file.storyboard; name = Base; path = Base.lproj/LaunchScreen.storyboard; sourceTree = "<group>"; };
		00F0600E1DBBD85C003A2A38 /* Info.plist */ = {isa = PBXFileReference; lastKnownFileType = text.plist.xml; path = Info.plist; sourceTree = "<group>"; };
		00F060321DBBE9C6003A2A38 /* SwaggerCommunication.swift */ = {isa = PBXFileReference; fileEncoding = 4; lastKnownFileType = sourcecode.swift; path = SwaggerCommunication.swift; sourceTree = "<group>"; };
		F6C32AD61DC1087E00E6038A /* PartyTableViewCell.swift */ = {isa = PBXFileReference; fileEncoding = 4; lastKnownFileType = sourcecode.swift; path = PartyTableViewCell.swift; sourceTree = "<group>"; };
		F6C32AD81DC10C2000E6038A /* PartyTableViewController.swift */ = {isa = PBXFileReference; fileEncoding = 4; lastKnownFileType = sourcecode.swift; path = PartyTableViewController.swift; sourceTree = "<group>"; };
/* End PBXFileReference section */

/* Begin PBXFrameworksBuildPhase section */
		00F05FFC1DBBD85C003A2A38 /* Frameworks */ = {
			isa = PBXFrameworksBuildPhase;
			buildActionMask = 2147483647;
			files = (
				000168601DC7439E008BB357 /* Alamofire.framework in Frameworks */,
			);
			runOnlyForDeploymentPostprocessing = 0;
		};
/* End PBXFrameworksBuildPhase section */

/* Begin PBXGroup section */
		001C0CA51DC6329E002B5E84 /* Enum */ = {
			isa = PBXGroup;
			children = (
				001C0CA61DC632FF002B5E84 /* EventCommitment.swift */,
				001C0CA81DC6336A002B5E84 /* Gender.swift */,
				001C0CAA1DC633CA002B5E84 /* MusicGenre.swift */,
				001C0CAC1DC63434002B5E84 /* PartyType.swift */,
			);
			name = Enum;
			sourceTree = "<group>";
		};
		009D97371DBE54A1005D94FF /* Model */ = {
			isa = PBXGroup;
			children = (
				009D973B1DBE562F005D94FF /* Party.swift */,
				00DD842A1DBEBA7C00ACA4F0 /* Host.swift */,
				00DD842C1DBEBA9E00ACA4F0 /* Location.swift */,
				007FE5541DC4F45700111764 /* Properties.swift */,
				00EBB5B21DC77B7F0078B05C /* User.swift */,
				001C0CA51DC6329E002B5E84 /* Enum */,
				0093C8801DBF563D00FB7FCA /* PartyExampleValue.json */,
				001F1F191DBFCB21006F668C /* PartyPostValue.json */,
			);
			name = Model;
			sourceTree = "<group>";
		};
		009D97381DBE54A8005D94FF /* View */ = {
			isa = PBXGroup;
			children = (
				00F060061DBBD85C003A2A38 /* Main.storyboard */,
				00F0600B1DBBD85C003A2A38 /* LaunchScreen.storyboard */,
				F6C32AD81DC10C2000E6038A /* PartyTableViewController.swift */,
				F6C32AD61DC1087E00E6038A /* PartyTableViewCell.swift */,
			);
			name = View;
			sourceTree = "<group>";
		};
		009D973A1DBE556F005D94FF /* API */ = {
			isa = PBXGroup;
			children = (
				00F060321DBBE9C6003A2A38 /* SwaggerCommunication.swift */,
			);
			name = API;
			sourceTree = "<group>";
		};
		00F05FF61DBBD85C003A2A38 = {
			isa = PBXGroup;
			children = (
				00F060011DBBD85C003A2A38 /* App2Night */,
				00F060001DBBD85C003A2A38 /* Products */,
				00F060141DBBE27C003A2A38 /* Frameworks */,
			);
			sourceTree = "<group>";
			usesTabs = 1;
		};
		00F060001DBBD85C003A2A38 /* Products */ = {
			isa = PBXGroup;
			children = (
				00F05FFF1DBBD85C003A2A38 /* App2Night.app */,
			);
			name = Products;
			sourceTree = "<group>";
		};
		00F060011DBBD85C003A2A38 /* App2Night */ = {
			isa = PBXGroup;
			children = (
				009D97371DBE54A1005D94FF /* Model */,
				009D97381DBE54A8005D94FF /* View */,
				009D973A1DBE556F005D94FF /* API */,
				00F060021DBBD85C003A2A38 /* AppDelegate.swift */,
				00F060091DBBD85C003A2A38 /* Assets.xcassets */,
				00F0600E1DBBD85C003A2A38 /* Info.plist */,
			);
			path = App2Night;
			sourceTree = "<group>";
		};
		00F060141DBBE27C003A2A38 /* Frameworks */ = {
			isa = PBXGroup;
			children = (
				0001685F1DC7439E008BB357 /* Alamofire.framework */,
			);
			name = Frameworks;
			sourceTree = "<group>";
		};
/* End PBXGroup section */

/* Begin PBXNativeTarget section */
		00F05FFE1DBBD85C003A2A38 /* App2Night */ = {
			isa = PBXNativeTarget;
			buildConfigurationList = 00F060111DBBD85C003A2A38 /* Build configuration list for PBXNativeTarget "App2Night" */;
			buildPhases = (
				00F05FFB1DBBD85C003A2A38 /* Sources */,
				00F05FFC1DBBD85C003A2A38 /* Frameworks */,
				00F05FFD1DBBD85C003A2A38 /* Resources */,
				000168621DC7439E008BB357 /* Embed Frameworks */,
			);
			buildRules = (
			);
			dependencies = (
			);
			name = App2Night;
			productName = App2Night;
			productReference = 00F05FFF1DBBD85C003A2A38 /* App2Night.app */;
			productType = "com.apple.product-type.application";
		};
/* End PBXNativeTarget section */

/* Begin PBXProject section */
		00F05FF71DBBD85C003A2A38 /* Project object */ = {
			isa = PBXProject;
			attributes = {
				LastSwiftUpdateCheck = 0800;
				LastUpgradeCheck = 0810;
				ORGANIZATIONNAME = DHBW;
				TargetAttributes = {
					00F05FFE1DBBD85C003A2A38 = {
						CreatedOnToolsVersion = 8.0;
						DevelopmentTeam = 5BJGYD5DYT;
						ProvisioningStyle = Automatic;
					};
				};
			};
			buildConfigurationList = 00F05FFA1DBBD85C003A2A38 /* Build configuration list for PBXProject "App2Night" */;
			compatibilityVersion = "Xcode 8.0";
			developmentRegion = English;
			hasScannedForEncodings = 0;
			knownRegions = (
				en,
				Base,
			);
			mainGroup = 00F05FF61DBBD85C003A2A38;
			productRefGroup = 00F060001DBBD85C003A2A38 /* Products */;
			projectDirPath = "";
			projectRoot = "";
			targets = (
				00F05FFE1DBBD85C003A2A38 /* App2Night */,
			);
		};
/* End PBXProject section */

/* Begin PBXResourcesBuildPhase section */
		00F05FFD1DBBD85C003A2A38 /* Resources */ = {
			isa = PBXResourcesBuildPhase;
			buildActionMask = 2147483647;
			files = (
				001F1F1A1DBFCB21006F668C /* PartyPostValue.json in Resources */,
				00F0600D1DBBD85C003A2A38 /* LaunchScreen.storyboard in Resources */,
				00F0600A1DBBD85C003A2A38 /* Assets.xcassets in Resources */,
				00F060081DBBD85C003A2A38 /* Main.storyboard in Resources */,
				0093C8811DBF563D00FB7FCA /* PartyExampleValue.json in Resources */,
			);
			runOnlyForDeploymentPostprocessing = 0;
		};
/* End PBXResourcesBuildPhase section */

/* Begin PBXSourcesBuildPhase section */
		00F05FFB1DBBD85C003A2A38 /* Sources */ = {
			isa = PBXSourcesBuildPhase;
			buildActionMask = 2147483647;
			files = (
				00EBB5B31DC77B7F0078B05C /* User.swift in Sources */,
				001C0CA71DC632FF002B5E84 /* EventCommitment.swift in Sources */,
				007FE5551DC4F45700111764 /* Properties.swift in Sources */,
				F6C32AD91DC10C2000E6038A /* PartyTableViewController.swift in Sources */,
				001C0CAB1DC633CA002B5E84 /* MusicGenre.swift in Sources */,
				001C0CAD1DC63434002B5E84 /* PartyType.swift in Sources */,
				00F060331DBBE9C6003A2A38 /* SwaggerCommunication.swift in Sources */,
				00DD842B1DBEBA7C00ACA4F0 /* Host.swift in Sources */,
				009D973C1DBE562F005D94FF /* Party.swift in Sources */,
				001C0CA91DC6336A002B5E84 /* Gender.swift in Sources */,
				F6C32AD71DC1087E00E6038A /* PartyTableViewCell.swift in Sources */,
				00DD842D1DBEBA9E00ACA4F0 /* Location.swift in Sources */,
				00F060031DBBD85C003A2A38 /* AppDelegate.swift in Sources */,
			);
			runOnlyForDeploymentPostprocessing = 0;
		};
/* End PBXSourcesBuildPhase section */

/* Begin PBXVariantGroup section */
		00F060061DBBD85C003A2A38 /* Main.storyboard */ = {
			isa = PBXVariantGroup;
			children = (
				00F060071DBBD85C003A2A38 /* Base */,
			);
			name = Main.storyboard;
			sourceTree = "<group>";
		};
		00F0600B1DBBD85C003A2A38 /* LaunchScreen.storyboard */ = {
			isa = PBXVariantGroup;
			children = (
				00F0600C1DBBD85C003A2A38 /* Base */,
			);
			name = LaunchScreen.storyboard;
			sourceTree = "<group>";
		};
/* End PBXVariantGroup section */

/* Begin XCBuildConfiguration section */
		00F0600F1DBBD85C003A2A38 /* Debug */ = {
			isa = XCBuildConfiguration;
			buildSettings = {
				ALWAYS_SEARCH_USER_PATHS = NO;
				CLANG_ANALYZER_NONNULL = YES;
				CLANG_CXX_LANGUAGE_STANDARD = "gnu++0x";
				CLANG_CXX_LIBRARY = "libc++";
				CLANG_ENABLE_MODULES = YES;
				CLANG_ENABLE_OBJC_ARC = YES;
				CLANG_WARN_BOOL_CONVERSION = YES;
				CLANG_WARN_CONSTANT_CONVERSION = YES;
				CLANG_WARN_DIRECT_OBJC_ISA_USAGE = YES_ERROR;
				CLANG_WARN_DOCUMENTATION_COMMENTS = YES;
				CLANG_WARN_EMPTY_BODY = YES;
				CLANG_WARN_ENUM_CONVERSION = YES;
				CLANG_WARN_INFINITE_RECURSION = YES;
				CLANG_WARN_INT_CONVERSION = YES;
				CLANG_WARN_OBJC_ROOT_CLASS = YES_ERROR;
				CLANG_WARN_SUSPICIOUS_MOVE = YES;
				CLANG_WARN_SUSPICIOUS_MOVES = YES;
				CLANG_WARN_UNREACHABLE_CODE = YES;
				CLANG_WARN__DUPLICATE_METHOD_MATCH = YES;
				"CODE_SIGN_IDENTITY[sdk=iphoneos*]" = "iPhone Developer";
				COPY_PHASE_STRIP = NO;
				DEBUG_INFORMATION_FORMAT = dwarf;
				ENABLE_STRICT_OBJC_MSGSEND = YES;
				ENABLE_TESTABILITY = YES;
				GCC_C_LANGUAGE_STANDARD = gnu99;
				GCC_DYNAMIC_NO_PIC = NO;
				GCC_NO_COMMON_BLOCKS = YES;
				GCC_OPTIMIZATION_LEVEL = 0;
				GCC_PREPROCESSOR_DEFINITIONS = (
					"DEBUG=1",
					"$(inherited)",
				);
				GCC_WARN_64_TO_32_BIT_CONVERSION = YES;
				GCC_WARN_ABOUT_RETURN_TYPE = YES_ERROR;
				GCC_WARN_UNDECLARED_SELECTOR = YES;
				GCC_WARN_UNINITIALIZED_AUTOS = YES_AGGRESSIVE;
				GCC_WARN_UNUSED_FUNCTION = YES;
				GCC_WARN_UNUSED_VARIABLE = YES;
				IPHONEOS_DEPLOYMENT_TARGET = 10.0;
				MTL_ENABLE_DEBUG_INFO = YES;
				ONLY_ACTIVE_ARCH = YES;
				SDKROOT = iphoneos;
				SWIFT_ACTIVE_COMPILATION_CONDITIONS = DEBUG;
				SWIFT_OPTIMIZATION_LEVEL = "-Onone";
			};
			name = Debug;
		};
		00F060101DBBD85C003A2A38 /* Release */ = {
			isa = XCBuildConfiguration;
			buildSettings = {
				ALWAYS_SEARCH_USER_PATHS = NO;
				CLANG_ANALYZER_NONNULL = YES;
				CLANG_CXX_LANGUAGE_STANDARD = "gnu++0x";
				CLANG_CXX_LIBRARY = "libc++";
				CLANG_ENABLE_MODULES = YES;
				CLANG_ENABLE_OBJC_ARC = YES;
				CLANG_WARN_BOOL_CONVERSION = YES;
				CLANG_WARN_CONSTANT_CONVERSION = YES;
				CLANG_WARN_DIRECT_OBJC_ISA_USAGE = YES_ERROR;
				CLANG_WARN_DOCUMENTATION_COMMENTS = YES;
				CLANG_WARN_EMPTY_BODY = YES;
				CLANG_WARN_ENUM_CONVERSION = YES;
				CLANG_WARN_INFINITE_RECURSION = YES;
				CLANG_WARN_INT_CONVERSION = YES;
				CLANG_WARN_OBJC_ROOT_CLASS = YES_ERROR;
				CLANG_WARN_SUSPICIOUS_MOVE = YES;
				CLANG_WARN_SUSPICIOUS_MOVES = YES;
				CLANG_WARN_UNREACHABLE_CODE = YES;
				CLANG_WARN__DUPLICATE_METHOD_MATCH = YES;
				"CODE_SIGN_IDENTITY[sdk=iphoneos*]" = "iPhone Developer";
				COPY_PHASE_STRIP = NO;
				DEBUG_INFORMATION_FORMAT = "dwarf-with-dsym";
				ENABLE_NS_ASSERTIONS = NO;
				ENABLE_STRICT_OBJC_MSGSEND = YES;
				GCC_C_LANGUAGE_STANDARD = gnu99;
				GCC_NO_COMMON_BLOCKS = YES;
				GCC_WARN_64_TO_32_BIT_CONVERSION = YES;
				GCC_WARN_ABOUT_RETURN_TYPE = YES_ERROR;
				GCC_WARN_UNDECLARED_SELECTOR = YES;
				GCC_WARN_UNINITIALIZED_AUTOS = YES_AGGRESSIVE;
				GCC_WARN_UNUSED_FUNCTION = YES;
				GCC_WARN_UNUSED_VARIABLE = YES;
				IPHONEOS_DEPLOYMENT_TARGET = 10.0;
				MTL_ENABLE_DEBUG_INFO = NO;
				SDKROOT = iphoneos;
				SWIFT_OPTIMIZATION_LEVEL = "-Owholemodule";
				VALIDATE_PRODUCT = YES;
			};
			name = Release;
		};
		00F060121DBBD85C003A2A38 /* Debug */ = {
			isa = XCBuildConfiguration;
			buildSettings = {
				ASSETCATALOG_COMPILER_APPICON_NAME = AppIcon;
				DEVELOPMENT_TEAM = 5BJGYD5DYT;
				FRAMEWORK_SEARCH_PATHS = (
					"$(inherited)",
					"$(PROJECT_DIR)",
					"$(PROJECT_DIR)/Frameworks",
				);
				INFOPLIST_FILE = App2Night/Info.plist;
				LD_RUNPATH_SEARCH_PATHS = "$(inherited) @executable_path/Frameworks";
				PRODUCT_BUNDLE_IDENTIFIER = de.dhbw.App2Night;
				PRODUCT_NAME = "$(TARGET_NAME)";
				SWIFT_VERSION = 3.0.1;
			};
			name = Debug;
		};
		00F060131DBBD85C003A2A38 /* Release */ = {
			isa = XCBuildConfiguration;
			buildSettings = {
				ASSETCATALOG_COMPILER_APPICON_NAME = AppIcon;
				DEVELOPMENT_TEAM = 5BJGYD5DYT;
				FRAMEWORK_SEARCH_PATHS = (
					"$(inherited)",
					"$(PROJECT_DIR)",
					"$(PROJECT_DIR)/Frameworks",
				);
				INFOPLIST_FILE = App2Night/Info.plist;
				LD_RUNPATH_SEARCH_PATHS = "$(inherited) @executable_path/Frameworks";
				PRODUCT_BUNDLE_IDENTIFIER = de.dhbw.App2Night;
				PRODUCT_NAME = "$(TARGET_NAME)";
				SWIFT_VERSION = 3.0.1;
			};
			name = Release;
		};
/* End XCBuildConfiguration section */

/* Begin XCConfigurationList section */
		00F05FFA1DBBD85C003A2A38 /* Build configuration list for PBXProject "App2Night" */ = {
			isa = XCConfigurationList;
			buildConfigurations = (
				00F0600F1DBBD85C003A2A38 /* Debug */,
				00F060101DBBD85C003A2A38 /* Release */,
			);
			defaultConfigurationIsVisible = 0;
			defaultConfigurationName = Release;
		};
		00F060111DBBD85C003A2A38 /* Build configuration list for PBXNativeTarget "App2Night" */ = {
			isa = XCConfigurationList;
			buildConfigurations = (
				00F060121DBBD85C003A2A38 /* Debug */,
				00F060131DBBD85C003A2A38 /* Release */,
			);
			defaultConfigurationIsVisible = 0;
			defaultConfigurationName = Release;
		};
/* End XCConfigurationList section */
	};
	rootObject = 00F05FF71DBBD85C003A2A38 /* Project object */;
}
