// !$*UTF8*$!
{
	archiveVersion = 1;
	classes = {
	};
	objectVersion = 48;
	objects = {

/* Begin PBXBuildFile section */
		000D8D061DFC9A0400F8AC8F /* SwiftSpinner.swift in Sources */ = {isa = PBXBuildFile; fileRef = 000D8D051DFC9A0400F8AC8F /* SwiftSpinner.swift */; };
		00257E631DEB1E9500E05884 /* UserDefaults.swift in Sources */ = {isa = PBXBuildFile; fileRef = 00257E621DEB1E9500E05884 /* UserDefaults.swift */; };
		00297F981DEC5D7500527955 /* PartyMapViewController.swift in Sources */ = {isa = PBXBuildFile; fileRef = 00297F971DEC5D7500527955 /* PartyMapViewController.swift */; };
		00297F9A1DEC724800527955 /* PartyDetailViewController.swift in Sources */ = {isa = PBXBuildFile; fileRef = 00297F991DEC724800527955 /* PartyDetailViewController.swift */; };
		002AD04D1DF5DAD600BCB74A /* LoginViewController.swift in Sources */ = {isa = PBXBuildFile; fileRef = 002AD04C1DF5DAD600BCB74A /* LoginViewController.swift */; };
		002AD04F1DF5DCD800BCB74A /* Extensions.swift in Sources */ = {isa = PBXBuildFile; fileRef = 002AD04E1DF5DCD800BCB74A /* Extensions.swift */; };
		002AD0511DF5E01200BCB74A /* LoginCollectionViewCell.swift in Sources */ = {isa = PBXBuildFile; fileRef = 002AD0501DF5E01200BCB74A /* LoginCollectionViewCell.swift */; };
		004433F91DD11A2B0012755C /* SwaggerCommunication.swift in Sources */ = {isa = PBXBuildFile; fileRef = 004433F81DD11A2B0012755C /* SwaggerCommunication.swift */; };
		005BF77C1DD3C7F3003C9036 /* RealmManager.swift in Sources */ = {isa = PBXBuildFile; fileRef = 005BF77B1DD3C7F3003C9036 /* RealmManager.swift */; };
		0089086F1DFC595800BB1070 /* Alamofire.framework in Frameworks */ = {isa = PBXBuildFile; fileRef = 0089086E1DFC595800BB1070 /* Alamofire.framework */; };
		008908701DFC595800BB1070 /* Alamofire.framework in Embed Frameworks */ = {isa = PBXBuildFile; fileRef = 0089086E1DFC595800BB1070 /* Alamofire.framework */; settings = {ATTRIBUTES = (CodeSignOnCopy, RemoveHeadersOnCopy, ); }; };
		008908731DFC596300BB1070 /* Eureka.framework in Frameworks */ = {isa = PBXBuildFile; fileRef = 008908721DFC596300BB1070 /* Eureka.framework */; };
		008908741DFC596300BB1070 /* Eureka.framework in Embed Frameworks */ = {isa = PBXBuildFile; fileRef = 008908721DFC596300BB1070 /* Eureka.framework */; settings = {ATTRIBUTES = (CodeSignOnCopy, RemoveHeadersOnCopy, ); }; };
		008908761DFC596E00BB1070 /* Realm.framework in Frameworks */ = {isa = PBXBuildFile; fileRef = 008908751DFC596E00BB1070 /* Realm.framework */; };
		008908771DFC596E00BB1070 /* Realm.framework in Embed Frameworks */ = {isa = PBXBuildFile; fileRef = 008908751DFC596E00BB1070 /* Realm.framework */; settings = {ATTRIBUTES = (CodeSignOnCopy, RemoveHeadersOnCopy, ); }; };
		008908791DFC597700BB1070 /* RealmSwift.framework in Frameworks */ = {isa = PBXBuildFile; fileRef = 008908781DFC597700BB1070 /* RealmSwift.framework */; };
		0089087A1DFC597700BB1070 /* RealmSwift.framework in Embed Frameworks */ = {isa = PBXBuildFile; fileRef = 008908781DFC597700BB1070 /* RealmSwift.framework */; settings = {ATTRIBUTES = (CodeSignOnCopy, RemoveHeadersOnCopy, ); }; };
		0089087C1DFC598100BB1070 /* SwiftyJSON.framework in Frameworks */ = {isa = PBXBuildFile; fileRef = 0089087B1DFC598100BB1070 /* SwiftyJSON.framework */; };
		0089087D1DFC598100BB1070 /* SwiftyJSON.framework in Embed Frameworks */ = {isa = PBXBuildFile; fileRef = 0089087B1DFC598100BB1070 /* SwiftyJSON.framework */; settings = {ATTRIBUTES = (CodeSignOnCopy, RemoveHeadersOnCopy, ); }; };
		008908811DFC6FCB00BB1070 /* PartyCreateFormViewController.swift in Sources */ = {isa = PBXBuildFile; fileRef = 008908801DFC6FCB00BB1070 /* PartyCreateFormViewController.swift */; };
		008908831DFC785D00BB1070 /* Enumerations.swift in Sources */ = {isa = PBXBuildFile; fileRef = 008908821DFC785D00BB1070 /* Enumerations.swift */; };
		00CD68AA1DC8FF6D00A0172F /* Launch.storyboard in Resources */ = {isa = PBXBuildFile; fileRef = 00CD68A91DC8FF6D00A0172F /* Launch.storyboard */; };
		00D921DA1DCB7DDA00737FA1 /* Home.storyboard in Resources */ = {isa = PBXBuildFile; fileRef = 00D921D91DCB7DDA00737FA1 /* Home.storyboard */; };
		00EDF7AF1DC8CF7F0065CEF9 /* AppDelegate.swift in Sources */ = {isa = PBXBuildFile; fileRef = 00EDF7AE1DC8CF7F0065CEF9 /* AppDelegate.swift */; };
		00EE27861DD65750004053FE /* Colors+Style.swift in Sources */ = {isa = PBXBuildFile; fileRef = 00EE27851DD65750004053FE /* Colors+Style.swift */; };
		00F0600A1DBBD85C003A2A38 /* Assets.xcassets in Resources */ = {isa = PBXBuildFile; fileRef = 00F060091DBBD85C003A2A38 /* Assets.xcassets */; };
		00F0ABA71DE4BC1400512CF0 /* MapKit.framework in Frameworks */ = {isa = PBXBuildFile; fileRef = 00F0ABA61DE4BC1400512CF0 /* MapKit.framework */; };
		00F5698F1DEF1B7C00528F54 /* PartyTableViewCell.swift in Sources */ = {isa = PBXBuildFile; fileRef = 00F5698E1DEF1B7C00528F54 /* PartyTableViewCell.swift */; };
		00F569911DEF1BBA00528F54 /* PartyMapViewPin.swift in Sources */ = {isa = PBXBuildFile; fileRef = 00F569901DEF1BBA00528F54 /* PartyMapViewPin.swift */; };
		00F569931DEF1C8500528F54 /* PartyUserProfileViewController.swift in Sources */ = {isa = PBXBuildFile; fileRef = 00F569921DEF1C8500528F54 /* PartyUserProfileViewController.swift */; };
		00F569951DEF292900528F54 /* PartyUserProfileViewCell.swift in Sources */ = {isa = PBXBuildFile; fileRef = 00F569941DEF292900528F54 /* PartyUserProfileViewCell.swift */; };
		00F569991DEF3B7500528F54 /* You.swift in Sources */ = {isa = PBXBuildFile; fileRef = 00F569981DEF3B7500528F54 /* You.swift */; };
		00FF19181DEC45FF00ADA439 /* PartyTabBarController.swift in Sources */ = {isa = PBXBuildFile; fileRef = 00FF19171DEC45FF00ADA439 /* PartyTabBarController.swift */; };
		00FF191A1DEC466900ADA439 /* PartyNavigationController.swift in Sources */ = {isa = PBXBuildFile; fileRef = 00FF19191DEC466900ADA439 /* PartyNavigationController.swift */; };
		00FF191C1DEC46EC00ADA439 /* PartyTableViewController.swift in Sources */ = {isa = PBXBuildFile; fileRef = 00FF191B1DEC46EC00ADA439 /* PartyTableViewController.swift */; };
		00FF2B871DD5250400312084 /* Party.swift in Sources */ = {isa = PBXBuildFile; fileRef = 00FF2B861DD5250400312084 /* Party.swift */; };
/* End PBXBuildFile section */

/* Begin PBXCopyFilesBuildPhase section */
		008908711DFC595800BB1070 /* Embed Frameworks */ = {
			isa = PBXCopyFilesBuildPhase;
			buildActionMask = 2147483647;
			dstPath = "";
			dstSubfolderSpec = 10;
			files = (
				008908771DFC596E00BB1070 /* Realm.framework in Embed Frameworks */,
				008908701DFC595800BB1070 /* Alamofire.framework in Embed Frameworks */,
				0089087A1DFC597700BB1070 /* RealmSwift.framework in Embed Frameworks */,
				008908741DFC596300BB1070 /* Eureka.framework in Embed Frameworks */,
				0089087D1DFC598100BB1070 /* SwiftyJSON.framework in Embed Frameworks */,
			);
			name = "Embed Frameworks";
			runOnlyForDeploymentPostprocessing = 0;
		};
/* End PBXCopyFilesBuildPhase section */

/* Begin PBXFileReference section */
		000D8D051DFC9A0400F8AC8F /* SwiftSpinner.swift */ = {isa = PBXFileReference; fileEncoding = 4; lastKnownFileType = sourcecode.swift; path = SwiftSpinner.swift; sourceTree = "<group>"; };
		001F1F191DBFCB21006F668C /* PartyPostValue.json */ = {isa = PBXFileReference; fileEncoding = 4; lastKnownFileType = text.json; path = PartyPostValue.json; sourceTree = "<group>"; };
		00257E621DEB1E9500E05884 /* UserDefaults.swift */ = {isa = PBXFileReference; fileEncoding = 4; lastKnownFileType = sourcecode.swift; path = UserDefaults.swift; sourceTree = "<group>"; };
		00297F971DEC5D7500527955 /* PartyMapViewController.swift */ = {isa = PBXFileReference; fileEncoding = 4; lastKnownFileType = sourcecode.swift; path = PartyMapViewController.swift; sourceTree = "<group>"; };
		00297F991DEC724800527955 /* PartyDetailViewController.swift */ = {isa = PBXFileReference; fileEncoding = 4; lastKnownFileType = sourcecode.swift; path = PartyDetailViewController.swift; sourceTree = "<group>"; };
		002AD04C1DF5DAD600BCB74A /* LoginViewController.swift */ = {isa = PBXFileReference; fileEncoding = 4; lastKnownFileType = sourcecode.swift; path = LoginViewController.swift; sourceTree = "<group>"; };
		002AD04E1DF5DCD800BCB74A /* Extensions.swift */ = {isa = PBXFileReference; fileEncoding = 4; lastKnownFileType = sourcecode.swift; path = Extensions.swift; sourceTree = "<group>"; };
		002AD0501DF5E01200BCB74A /* LoginCollectionViewCell.swift */ = {isa = PBXFileReference; fileEncoding = 4; lastKnownFileType = sourcecode.swift; path = LoginCollectionViewCell.swift; sourceTree = "<group>"; };
		004433F81DD11A2B0012755C /* SwaggerCommunication.swift */ = {isa = PBXFileReference; fileEncoding = 4; lastKnownFileType = sourcecode.swift; path = SwaggerCommunication.swift; sourceTree = "<group>"; };
		005BF77B1DD3C7F3003C9036 /* RealmManager.swift */ = {isa = PBXFileReference; fileEncoding = 4; lastKnownFileType = sourcecode.swift; path = RealmManager.swift; sourceTree = "<group>"; };
		0089086E1DFC595800BB1070 /* Alamofire.framework */ = {isa = PBXFileReference; lastKnownFileType = wrapper.framework; name = Alamofire.framework; path = Frameworks/Alamofire.framework; sourceTree = "<group>"; };
		008908721DFC596300BB1070 /* Eureka.framework */ = {isa = PBXFileReference; lastKnownFileType = wrapper.framework; name = Eureka.framework; path = Frameworks/Eureka.framework; sourceTree = "<group>"; };
		008908751DFC596E00BB1070 /* Realm.framework */ = {isa = PBXFileReference; lastKnownFileType = wrapper.framework; name = Realm.framework; path = Frameworks/Realm.framework; sourceTree = "<group>"; };
		008908781DFC597700BB1070 /* RealmSwift.framework */ = {isa = PBXFileReference; lastKnownFileType = wrapper.framework; name = RealmSwift.framework; path = Frameworks/RealmSwift.framework; sourceTree = "<group>"; };
		0089087B1DFC598100BB1070 /* SwiftyJSON.framework */ = {isa = PBXFileReference; lastKnownFileType = wrapper.framework; name = SwiftyJSON.framework; path = Frameworks/SwiftyJSON.framework; sourceTree = "<group>"; };
		008908801DFC6FCB00BB1070 /* PartyCreateFormViewController.swift */ = {isa = PBXFileReference; fileEncoding = 4; lastKnownFileType = sourcecode.swift; path = PartyCreateFormViewController.swift; sourceTree = "<group>"; };
		008908821DFC785D00BB1070 /* Enumerations.swift */ = {isa = PBXFileReference; fileEncoding = 4; lastKnownFileType = sourcecode.swift; path = Enumerations.swift; sourceTree = "<group>"; };
		0093C8801DBF563D00FB7FCA /* PartyGetValue.json */ = {isa = PBXFileReference; fileEncoding = 4; lastKnownFileType = text.json; path = PartyGetValue.json; sourceTree = "<group>"; };
		0097E1E51DD9B8C500220AEF /* UserRobin.json */ = {isa = PBXFileReference; fileEncoding = 4; lastKnownFileType = text.json; path = UserRobin.json; sourceTree = "<group>"; };
		00CD68A91DC8FF6D00A0172F /* Launch.storyboard */ = {isa = PBXFileReference; fileEncoding = 4; lastKnownFileType = file.storyboard; path = Launch.storyboard; sourceTree = "<group>"; };
		00D921D91DCB7DDA00737FA1 /* Home.storyboard */ = {isa = PBXFileReference; fileEncoding = 4; lastKnownFileType = file.storyboard; path = Home.storyboard; sourceTree = "<group>"; };
		00EDF7AE1DC8CF7F0065CEF9 /* AppDelegate.swift */ = {isa = PBXFileReference; fileEncoding = 4; lastKnownFileType = sourcecode.swift; path = AppDelegate.swift; sourceTree = "<group>"; };
		00EE27851DD65750004053FE /* Colors+Style.swift */ = {isa = PBXFileReference; fileEncoding = 4; lastKnownFileType = sourcecode.swift; path = "Colors+Style.swift"; sourceTree = "<group>"; };
		00F05FFF1DBBD85C003A2A38 /* App2Night.app */ = {isa = PBXFileReference; explicitFileType = wrapper.application; includeInIndex = 0; path = App2Night.app; sourceTree = BUILT_PRODUCTS_DIR; };
		00F060091DBBD85C003A2A38 /* Assets.xcassets */ = {isa = PBXFileReference; lastKnownFileType = folder.assetcatalog; path = Assets.xcassets; sourceTree = "<group>"; };
		00F0600E1DBBD85C003A2A38 /* Info.plist */ = {isa = PBXFileReference; lastKnownFileType = text.plist.xml; path = Info.plist; sourceTree = "<group>"; };
		00F0ABA61DE4BC1400512CF0 /* MapKit.framework */ = {isa = PBXFileReference; lastKnownFileType = wrapper.framework; name = MapKit.framework; path = System/Library/Frameworks/MapKit.framework; sourceTree = SDKROOT; };
		00F5698E1DEF1B7C00528F54 /* PartyTableViewCell.swift */ = {isa = PBXFileReference; fileEncoding = 4; lastKnownFileType = sourcecode.swift; path = PartyTableViewCell.swift; sourceTree = "<group>"; };
		00F569901DEF1BBA00528F54 /* PartyMapViewPin.swift */ = {isa = PBXFileReference; fileEncoding = 4; lastKnownFileType = sourcecode.swift; path = PartyMapViewPin.swift; sourceTree = "<group>"; };
		00F569921DEF1C8500528F54 /* PartyUserProfileViewController.swift */ = {isa = PBXFileReference; fileEncoding = 4; lastKnownFileType = sourcecode.swift; path = PartyUserProfileViewController.swift; sourceTree = "<group>"; };
		00F569941DEF292900528F54 /* PartyUserProfileViewCell.swift */ = {isa = PBXFileReference; fileEncoding = 4; lastKnownFileType = sourcecode.swift; path = PartyUserProfileViewCell.swift; sourceTree = "<group>"; };
		00F569981DEF3B7500528F54 /* You.swift */ = {isa = PBXFileReference; fileEncoding = 4; lastKnownFileType = sourcecode.swift; path = You.swift; sourceTree = "<group>"; };
		00FF19171DEC45FF00ADA439 /* PartyTabBarController.swift */ = {isa = PBXFileReference; fileEncoding = 4; lastKnownFileType = sourcecode.swift; path = PartyTabBarController.swift; sourceTree = "<group>"; };
		00FF19191DEC466900ADA439 /* PartyNavigationController.swift */ = {isa = PBXFileReference; fileEncoding = 4; lastKnownFileType = sourcecode.swift; path = PartyNavigationController.swift; sourceTree = "<group>"; };
		00FF191B1DEC46EC00ADA439 /* PartyTableViewController.swift */ = {isa = PBXFileReference; fileEncoding = 4; lastKnownFileType = sourcecode.swift; path = PartyTableViewController.swift; sourceTree = "<group>"; };
		00FF2B861DD5250400312084 /* Party.swift */ = {isa = PBXFileReference; fileEncoding = 4; lastKnownFileType = sourcecode.swift; path = Party.swift; sourceTree = "<group>"; };
/* End PBXFileReference section */

/* Begin PBXFrameworksBuildPhase section */
		00F05FFC1DBBD85C003A2A38 /* Frameworks */ = {
			isa = PBXFrameworksBuildPhase;
			buildActionMask = 2147483647;
			files = (
				008908761DFC596E00BB1070 /* Realm.framework in Frameworks */,
				008908791DFC597700BB1070 /* RealmSwift.framework in Frameworks */,
				0089087C1DFC598100BB1070 /* SwiftyJSON.framework in Frameworks */,
				008908731DFC596300BB1070 /* Eureka.framework in Frameworks */,
				00F0ABA71DE4BC1400512CF0 /* MapKit.framework in Frameworks */,
				0089086F1DFC595800BB1070 /* Alamofire.framework in Frameworks */,
			);
			runOnlyForDeploymentPostprocessing = 0;
		};
/* End PBXFrameworksBuildPhase section */

/* Begin PBXGroup section */
		007404591DC8D92900C3C7DE /* Controller */ = {
			isa = PBXGroup;
			children = (
				002AD04C1DF5DAD600BCB74A /* LoginViewController.swift */,
				002AD0501DF5E01200BCB74A /* LoginCollectionViewCell.swift */,
				00FF19171DEC45FF00ADA439 /* PartyTabBarController.swift */,
				00FF19191DEC466900ADA439 /* PartyNavigationController.swift */,
				00FF191D1DEC473200ADA439 /* Tab Views */,
			);
			name = Controller;
			sourceTree = "<group>";
		};
		009D97371DBE54A1005D94FF /* Model */ = {
			isa = PBXGroup;
			children = (
				00FF2B861DD5250400312084 /* Party.swift */,
				00F569981DEF3B7500528F54 /* You.swift */,
				005BF77B1DD3C7F3003C9036 /* RealmManager.swift */,
				004433F81DD11A2B0012755C /* SwaggerCommunication.swift */,
				00257E621DEB1E9500E05884 /* UserDefaults.swift */,
				008908821DFC785D00BB1070 /* Enumerations.swift */,
				009D973A1DBE556F005D94FF /* Examples */,
			);
			name = Model;
			sourceTree = "<group>";
		};
		009D97381DBE54A8005D94FF /* View */ = {
			isa = PBXGroup;
			children = (
				00CD68A91DC8FF6D00A0172F /* Launch.storyboard */,
				00D921D91DCB7DDA00737FA1 /* Home.storyboard */,
				000D8D051DFC9A0400F8AC8F /* SwiftSpinner.swift */,
				002AD04E1DF5DCD800BCB74A /* Extensions.swift */,
				00EE27851DD65750004053FE /* Colors+Style.swift */,
			);
			name = View;
			sourceTree = "<group>";
		};
		009D973A1DBE556F005D94FF /* Examples */ = {
			isa = PBXGroup;
			children = (
				0093C8801DBF563D00FB7FCA /* PartyGetValue.json */,
				001F1F191DBFCB21006F668C /* PartyPostValue.json */,
				0097E1E51DD9B8C500220AEF /* UserRobin.json */,
			);
			name = Examples;
			sourceTree = "<group>";
		};
		00F05FF61DBBD85C003A2A38 = {
			isa = PBXGroup;
			children = (
				00F060011DBBD85C003A2A38 /* App2Night */,
				00F060001DBBD85C003A2A38 /* Products */,
				00F060141DBBE27C003A2A38 /* Frameworks */,
			);
			sourceTree = "<group>";
			usesTabs = 1;
		};
		00F060001DBBD85C003A2A38 /* Products */ = {
			isa = PBXGroup;
			children = (
				00F05FFF1DBBD85C003A2A38 /* App2Night.app */,
			);
			name = Products;
			sourceTree = "<group>";
		};
		00F060011DBBD85C003A2A38 /* App2Night */ = {
			isa = PBXGroup;
			children = (
				009D97371DBE54A1005D94FF /* Model */,
				009D97381DBE54A8005D94FF /* View */,
				007404591DC8D92900C3C7DE /* Controller */,
				00EDF7AE1DC8CF7F0065CEF9 /* AppDelegate.swift */,
				00F060091DBBD85C003A2A38 /* Assets.xcassets */,
				00F0600E1DBBD85C003A2A38 /* Info.plist */,
			);
			path = App2Night;
			sourceTree = "<group>";
		};
		00F060141DBBE27C003A2A38 /* Frameworks */ = {
			isa = PBXGroup;
			children = (
				00F0ABA61DE4BC1400512CF0 /* MapKit.framework */,
				0089087B1DFC598100BB1070 /* SwiftyJSON.framework */,
				008908781DFC597700BB1070 /* RealmSwift.framework */,
				008908751DFC596E00BB1070 /* Realm.framework */,
				008908721DFC596300BB1070 /* Eureka.framework */,
				0089086E1DFC595800BB1070 /* Alamofire.framework */,
			);
			name = Frameworks;
			sourceTree = "<group>";
		};
		00FF191D1DEC473200ADA439 /* Tab Views */ = {
			isa = PBXGroup;
			children = (
				00FF191B1DEC46EC00ADA439 /* PartyTableViewController.swift */,
				00F5698E1DEF1B7C00528F54 /* PartyTableViewCell.swift */,
				008908801DFC6FCB00BB1070 /* PartyCreateFormViewController.swift */,
				00297F991DEC724800527955 /* PartyDetailViewController.swift */,
				00297F971DEC5D7500527955 /* PartyMapViewController.swift */,
				00F569901DEF1BBA00528F54 /* PartyMapViewPin.swift */,
				00F569921DEF1C8500528F54 /* PartyUserProfileViewController.swift */,
				00F569941DEF292900528F54 /* PartyUserProfileViewCell.swift */,
			);
			name = "Tab Views";
			sourceTree = "<group>";
		};
/* End PBXGroup section */

/* Begin PBXNativeTarget section */
		00F05FFE1DBBD85C003A2A38 /* App2Night */ = {
			isa = PBXNativeTarget;
			buildConfigurationList = 00F060111DBBD85C003A2A38 /* Build configuration list for PBXNativeTarget "App2Night" */;
			buildPhases = (
				00F05FFB1DBBD85C003A2A38 /* Sources */,
				00F05FFC1DBBD85C003A2A38 /* Frameworks */,
				00F05FFD1DBBD85C003A2A38 /* Resources */,
				008908711DFC595800BB1070 /* Embed Frameworks */,
			);
			buildRules = (
			);
			dependencies = (
			);
			name = App2Night;
			productName = App2Night;
			productReference = 00F05FFF1DBBD85C003A2A38 /* App2Night.app */;
			productType = "com.apple.product-type.application";
		};
/* End PBXNativeTarget section */

/* Begin PBXProject section */
		00F05FF71DBBD85C003A2A38 /* Project object */ = {
			isa = PBXProject;
			attributes = {
				LastSwiftUpdateCheck = 0800;
				LastUpgradeCheck = 0810;
				ORGANIZATIONNAME = DHBW;
				TargetAttributes = {
					00F05FFE1DBBD85C003A2A38 = {
						CreatedOnToolsVersion = 8.0;
						DevelopmentTeam = 5BJGYD5DYT;
						ProvisioningStyle = Automatic;
						SystemCapabilities = {
							com.apple.Maps.iOS = {
								enabled = 1;
							};
						};
					};
				};
			};
			buildConfigurationList = 00F05FFA1DBBD85C003A2A38 /* Build configuration list for PBXProject "App2Night" */;
			compatibilityVersion = "Xcode 8.0";
			developmentRegion = English;
			hasScannedForEncodings = 0;
			knownRegions = (
				en,
			);
			mainGroup = 00F05FF61DBBD85C003A2A38;
			productRefGroup = 00F060001DBBD85C003A2A38 /* Products */;
			projectDirPath = "";
			projectRoot = "";
			targets = (
				00F05FFE1DBBD85C003A2A38 /* App2Night */,
			);
		};
/* End PBXProject section */

/* Begin PBXResourcesBuildPhase section */
		00F05FFD1DBBD85C003A2A38 /* Resources */ = {
			isa = PBXResourcesBuildPhase;
			buildActionMask = 2147483647;
			files = (
				00F0600A1DBBD85C003A2A38 /* Assets.xcassets in Resources */,
				00D921DA1DCB7DDA00737FA1 /* Home.storyboard in Resources */,
				00CD68AA1DC8FF6D00A0172F /* Launch.storyboard in Resources */,
			);
			runOnlyForDeploymentPostprocessing = 0;
		};
/* End PBXResourcesBuildPhase section */

/* Begin PBXSourcesBuildPhase section */
		00F05FFB1DBBD85C003A2A38 /* Sources */ = {
			isa = PBXSourcesBuildPhase;
			buildActionMask = 2147483647;
			files = (
				00FF19181DEC45FF00ADA439 /* PartyTabBarController.swift in Sources */,
				004433F91DD11A2B0012755C /* SwaggerCommunication.swift in Sources */,
				00FF2B871DD5250400312084 /* Party.swift in Sources */,
				00EDF7AF1DC8CF7F0065CEF9 /* AppDelegate.swift in Sources */,
				00F569931DEF1C8500528F54 /* PartyUserProfileViewController.swift in Sources */,
				00297F981DEC5D7500527955 /* PartyMapViewController.swift in Sources */,
				00FF191C1DEC46EC00ADA439 /* PartyTableViewController.swift in Sources */,
				00EE27861DD65750004053FE /* Colors+Style.swift in Sources */,
				00F569951DEF292900528F54 /* PartyUserProfileViewCell.swift in Sources */,
				002AD04D1DF5DAD600BCB74A /* LoginViewController.swift in Sources */,
				002AD04F1DF5DCD800BCB74A /* Extensions.swift in Sources */,
				005BF77C1DD3C7F3003C9036 /* RealmManager.swift in Sources */,
				000D8D061DFC9A0400F8AC8F /* SwiftSpinner.swift in Sources */,
				00257E631DEB1E9500E05884 /* UserDefaults.swift in Sources */,
				00FF191A1DEC466900ADA439 /* PartyNavigationController.swift in Sources */,
				008908811DFC6FCB00BB1070 /* PartyCreateFormViewController.swift in Sources */,
				00F569911DEF1BBA00528F54 /* PartyMapViewPin.swift in Sources */,
				002AD0511DF5E01200BCB74A /* LoginCollectionViewCell.swift in Sources */,
				00F5698F1DEF1B7C00528F54 /* PartyTableViewCell.swift in Sources */,
				00297F9A1DEC724800527955 /* PartyDetailViewController.swift in Sources */,
				00F569991DEF3B7500528F54 /* You.swift in Sources */,
				008908831DFC785D00BB1070 /* Enumerations.swift in Sources */,
			);
			runOnlyForDeploymentPostprocessing = 0;
		};
/* End PBXSourcesBuildPhase section */

/* Begin XCBuildConfiguration section */
		00F0600F1DBBD85C003A2A38 /* Debug */ = {
			isa = XCBuildConfiguration;
			buildSettings = {
				ALWAYS_SEARCH_USER_PATHS = NO;
				CLANG_ANALYZER_NONNULL = YES;
				CLANG_CXX_LANGUAGE_STANDARD = "gnu++0x";
				CLANG_CXX_LIBRARY = "libc++";
				CLANG_ENABLE_MODULES = YES;
				CLANG_ENABLE_OBJC_ARC = YES;
				CLANG_WARN_BOOL_CONVERSION = YES;
				CLANG_WARN_CONSTANT_CONVERSION = YES;
				CLANG_WARN_DIRECT_OBJC_ISA_USAGE = YES_ERROR;
				CLANG_WARN_DOCUMENTATION_COMMENTS = YES;
				CLANG_WARN_EMPTY_BODY = YES;
				CLANG_WARN_ENUM_CONVERSION = YES;
				CLANG_WARN_INFINITE_RECURSION = YES;
				CLANG_WARN_INT_CONVERSION = YES;
				CLANG_WARN_OBJC_ROOT_CLASS = YES_ERROR;
				CLANG_WARN_SUSPICIOUS_MOVE = YES;
				CLANG_WARN_SUSPICIOUS_MOVES = YES;
				CLANG_WARN_UNREACHABLE_CODE = YES;
				CLANG_WARN__DUPLICATE_METHOD_MATCH = YES;
				"CODE_SIGN_IDENTITY[sdk=iphoneos*]" = "iPhone Developer";
				COPY_PHASE_STRIP = NO;
				DEBUG_INFORMATION_FORMAT = dwarf;
				ENABLE_STRICT_OBJC_MSGSEND = YES;
				ENABLE_TESTABILITY = YES;
				GCC_C_LANGUAGE_STANDARD = gnu99;
				GCC_DYNAMIC_NO_PIC = NO;
				GCC_NO_COMMON_BLOCKS = YES;
				GCC_OPTIMIZATION_LEVEL = 0;
				GCC_PREPROCESSOR_DEFINITIONS = (
					"DEBUG=1",
					"$(inherited)",
				);
				GCC_WARN_64_TO_32_BIT_CONVERSION = YES;
				GCC_WARN_ABOUT_RETURN_TYPE = YES_ERROR;
				GCC_WARN_UNDECLARED_SELECTOR = YES;
				GCC_WARN_UNINITIALIZED_AUTOS = YES_AGGRESSIVE;
				GCC_WARN_UNUSED_FUNCTION = YES;
				GCC_WARN_UNUSED_VARIABLE = YES;
				IPHONEOS_DEPLOYMENT_TARGET = 10.1;
				MTL_ENABLE_DEBUG_INFO = YES;
				ONLY_ACTIVE_ARCH = YES;
				SDKROOT = iphoneos;
				SWIFT_ACTIVE_COMPILATION_CONDITIONS = DEBUG;
				SWIFT_OPTIMIZATION_LEVEL = "-Onone";
			};
			name = Debug;
		};
		00F060101DBBD85C003A2A38 /* Release */ = {
			isa = XCBuildConfiguration;
			buildSettings = {
				ALWAYS_SEARCH_USER_PATHS = NO;
				CLANG_ANALYZER_NONNULL = YES;
				CLANG_CXX_LANGUAGE_STANDARD = "gnu++0x";
				CLANG_CXX_LIBRARY = "libc++";
				CLANG_ENABLE_MODULES = YES;
				CLANG_ENABLE_OBJC_ARC = YES;
				CLANG_WARN_BOOL_CONVERSION = YES;
				CLANG_WARN_CONSTANT_CONVERSION = YES;
				CLANG_WARN_DIRECT_OBJC_ISA_USAGE = YES_ERROR;
				CLANG_WARN_DOCUMENTATION_COMMENTS = YES;
				CLANG_WARN_EMPTY_BODY = YES;
				CLANG_WARN_ENUM_CONVERSION = YES;
				CLANG_WARN_INFINITE_RECURSION = YES;
				CLANG_WARN_INT_CONVERSION = YES;
				CLANG_WARN_OBJC_ROOT_CLASS = YES_ERROR;
				CLANG_WARN_SUSPICIOUS_MOVE = YES;
				CLANG_WARN_SUSPICIOUS_MOVES = YES;
				CLANG_WARN_UNREACHABLE_CODE = YES;
				CLANG_WARN__DUPLICATE_METHOD_MATCH = YES;
				"CODE_SIGN_IDENTITY[sdk=iphoneos*]" = "iPhone Developer";
				COPY_PHASE_STRIP = NO;
				DEBUG_INFORMATION_FORMAT = "dwarf-with-dsym";
				ENABLE_NS_ASSERTIONS = NO;
				ENABLE_STRICT_OBJC_MSGSEND = YES;
				GCC_C_LANGUAGE_STANDARD = gnu99;
				GCC_NO_COMMON_BLOCKS = YES;
				GCC_WARN_64_TO_32_BIT_CONVERSION = YES;
				GCC_WARN_ABOUT_RETURN_TYPE = YES_ERROR;
				GCC_WARN_UNDECLARED_SELECTOR = YES;
				GCC_WARN_UNINITIALIZED_AUTOS = YES_AGGRESSIVE;
				GCC_WARN_UNUSED_FUNCTION = YES;
				GCC_WARN_UNUSED_VARIABLE = YES;
				IPHONEOS_DEPLOYMENT_TARGET = 10.1;
				MTL_ENABLE_DEBUG_INFO = NO;
				SDKROOT = iphoneos;
				SWIFT_OPTIMIZATION_LEVEL = "-Owholemodule";
				VALIDATE_PRODUCT = YES;
			};
			name = Release;
		};
		00F060121DBBD85C003A2A38 /* Debug */ = {
			isa = XCBuildConfiguration;
			buildSettings = {
				ASSETCATALOG_COMPILER_APPICON_NAME = AppIcon;
				DEVELOPMENT_TEAM = 5BJGYD5DYT;
				FRAMEWORK_SEARCH_PATHS = "$(PROJECT_DIR)/Frameworks";
				INFOPLIST_FILE = App2Night/Info.plist;
				LD_RUNPATH_SEARCH_PATHS = "$(inherited) @executable_path/Frameworks";
				PRODUCT_BUNDLE_IDENTIFIER = de.dhbw.App2Night;
				PRODUCT_NAME = "$(TARGET_NAME)";
				SWIFT_VERSION = 3.0.1;
				TARGETED_DEVICE_FAMILY = 1;
			};
			name = Debug;
		};
		00F060131DBBD85C003A2A38 /* Release */ = {
			isa = XCBuildConfiguration;
			buildSettings = {
				ASSETCATALOG_COMPILER_APPICON_NAME = AppIcon;
				DEVELOPMENT_TEAM = 5BJGYD5DYT;
				FRAMEWORK_SEARCH_PATHS = "$(PROJECT_DIR)/Frameworks";
				INFOPLIST_FILE = App2Night/Info.plist;
				LD_RUNPATH_SEARCH_PATHS = "$(inherited) @executable_path/Frameworks";
				PRODUCT_BUNDLE_IDENTIFIER = de.dhbw.App2Night;
				PRODUCT_NAME = "$(TARGET_NAME)";
				SWIFT_VERSION = 3.0.1;
				TARGETED_DEVICE_FAMILY = 1;
			};
			name = Release;
		};
/* End XCBuildConfiguration section */

/* Begin XCConfigurationList section */
		00F05FFA1DBBD85C003A2A38 /* Build configuration list for PBXProject "App2Night" */ = {
			isa = XCConfigurationList;
			buildConfigurations = (
				00F0600F1DBBD85C003A2A38 /* Debug */,
				00F060101DBBD85C003A2A38 /* Release */,
			);
			defaultConfigurationIsVisible = 0;
			defaultConfigurationName = Release;
		};
		00F060111DBBD85C003A2A38 /* Build configuration list for PBXNativeTarget "App2Night" */ = {
			isa = XCConfigurationList;
			buildConfigurations = (
				00F060121DBBD85C003A2A38 /* Debug */,
				00F060131DBBD85C003A2A38 /* Release */,
			);
			defaultConfigurationIsVisible = 0;
			defaultConfigurationName = Release;
		};
/* End XCConfigurationList section */
	};
	rootObject = 00F05FF71DBBD85C003A2A38 /* Project object */;
}
